
Microsoft Visual Studio Solution File, Format Version 12.00
# Visual Studio Version 17
VisualStudioVersion = 17.0.31717.71
MinimumVisualStudioVersion = 10.0.40219.1
Project("{9A19103F-16F7-4668-BE54-9A1E7A4F7556}") = "Hostel System", "Hostel System\Hostel System.csproj", "{AFDCE0CD-0EAC-413E-AC3A-1BACFF7A2D2F}"
EndProject
Project("{9A19103F-16F7-4668-BE54-9A1E7A4F7556}") = "Hostel System.Database", "Hostel System.Database\Hostel System.Database.csproj", "{442261B8-4A44-478A-A2A5-76D77C3DC787}"
EndProject
Project("{9A19103F-16F7-4668-BE54-9A1E7A4F7556}") = "Hostel System.Core", "Hostel System.Core\Hostel System.Core.csproj", "{65176976-1D4E-4CDF-8C00-9483ECB498E7}"
EndProject
Project("{9A19103F-16F7-4668-BE54-9A1E7A4F7556}") = "Hostel System.Dto", "Hostel System.Dto\Hostel System.Dto.csproj", "{318ABCAD-90F1-4E9A-9F5A-33ED88742353}"
EndProject
Project("{9A19103F-16F7-4668-BE54-9A1E7A4F7556}") = "Hostel System.Test", "Hostel System.Test\Hostel System.Test.csproj", "{DB55A48C-7414-4930-8F16-5B8A1475E126}"
EndProject
Global
	GlobalSection(SolutionConfigurationPlatforms) = preSolution
		Debug|Any CPU = Debug|Any CPU
		Rebuild|Any CPU = Rebuild|Any CPU
		Release|Any CPU = Release|Any CPU
	EndGlobalSection
	GlobalSection(ProjectConfigurationPlatforms) = postSolution
		{AFDCE0CD-0EAC-413E-AC3A-1BACFF7A2D2F}.Debug|Any CPU.ActiveCfg = Debug|Any CPU
		{AFDCE0CD-0EAC-413E-AC3A-1BACFF7A2D2F}.Debug|Any CPU.Build.0 = Debug|Any CPU
		{AFDCE0CD-0EAC-413E-AC3A-1BACFF7A2D2F}.Rebuild|Any CPU.ActiveCfg = Rebuild|Any CPU
		{AFDCE0CD-0EAC-413E-AC3A-1BACFF7A2D2F}.Rebuild|Any CPU.Build.0 = Rebuild|Any CPU
		{AFDCE0CD-0EAC-413E-AC3A-1BACFF7A2D2F}.Release|Any CPU.ActiveCfg = Release|Any CPU
		{AFDCE0CD-0EAC-413E-AC3A-1BACFF7A2D2F}.Release|Any CPU.Build.0 = Release|Any CPU
		{442261B8-4A44-478A-A2A5-76D77C3DC787}.Debug|Any CPU.ActiveCfg = Debug|Any CPU
		{442261B8-4A44-478A-A2A5-76D77C3DC787}.Debug|Any CPU.Build.0 = Debug|Any CPU
		{442261B8-4A44-478A-A2A5-76D77C3DC787}.Rebuild|Any CPU.ActiveCfg = Rebuild|Any CPU
		{442261B8-4A44-478A-A2A5-76D77C3DC787}.Rebuild|Any CPU.Build.0 = Rebuild|Any CPU
		{442261B8-4A44-478A-A2A5-76D77C3DC787}.Release|Any CPU.ActiveCfg = Release|Any CPU
		{442261B8-4A44-478A-A2A5-76D77C3DC787}.Release|Any CPU.Build.0 = Release|Any CPU
		{65176976-1D4E-4CDF-8C00-9483ECB498E7}.Debug|Any CPU.ActiveCfg = Debug|Any CPU
		{65176976-1D4E-4CDF-8C00-9483ECB498E7}.Debug|Any CPU.Build.0 = Debug|Any CPU
		{65176976-1D4E-4CDF-8C00-9483ECB498E7}.Rebuild|Any CPU.ActiveCfg = Rebuild|Any CPU
		{65176976-1D4E-4CDF-8C00-9483ECB498E7}.Rebuild|Any CPU.Build.0 = Rebuild|Any CPU
		{65176976-1D4E-4CDF-8C00-9483ECB498E7}.Release|Any CPU.ActiveCfg = Release|Any CPU
		{65176976-1D4E-4CDF-8C00-9483ECB498E7}.Release|Any CPU.Build.0 = Release|Any CPU
		{318ABCAD-90F1-4E9A-9F5A-33ED88742353}.Debug|Any CPU.ActiveCfg = Debug|Any CPU
		{318ABCAD-90F1-4E9A-9F5A-33ED88742353}.Debug|Any CPU.Build.0 = Debug|Any CPU
		{318ABCAD-90F1-4E9A-9F5A-33ED88742353}.Rebuild|Any CPU.ActiveCfg = Rebuild|Any CPU
		{318ABCAD-90F1-4E9A-9F5A-33ED88742353}.Rebuild|Any CPU.Build.0 = Rebuild|Any CPU
		{318ABCAD-90F1-4E9A-9F5A-33ED88742353}.Release|Any CPU.ActiveCfg = Release|Any CPU
		{318ABCAD-90F1-4E9A-9F5A-33ED88742353}.Release|Any CPU.Build.0 = Release|Any CPU
		{DB55A48C-7414-4930-8F16-5B8A1475E126}.Debug|Any CPU.ActiveCfg = Debug|Any CPU
		{DB55A48C-7414-4930-8F16-5B8A1475E126}.Debug|Any CPU.Build.0 = Debug|Any CPU
		{DB55A48C-7414-4930-8F16-5B8A1475E126}.Rebuild|Any CPU.ActiveCfg = Rebuild|Any CPU
		{DB55A48C-7414-4930-8F16-5B8A1475E126}.Rebuild|Any CPU.Build.0 = Rebuild|Any CPU
		{DB55A48C-7414-4930-8F16-5B8A1475E126}.Release|Any CPU.ActiveCfg = Release|Any CPU
		{DB55A48C-7414-4930-8F16-5B8A1475E126}.Release|Any CPU.Build.0 = Release|Any CPU
	EndGlobalSection
	GlobalSection(SolutionProperties) = preSolution
		HideSolutionNode = FALSE
	EndGlobalSection
	GlobalSection(ExtensibilityGlobals) = postSolution
		SolutionGuid = {4951AA28-DF3B-48A8-B8D8-F3F1AB453979}
	EndGlobalSection
EndGlobal
